
Microsoft Visual Studio Solution File, Format Version 12.00
# Visual Studio Version 16
VisualStudioVersion = 16.0.31911.196
MinimumVisualStudioVersion = 10.0.40219.1
Project("{FAE04EC0-301F-11D3-BF4B-00C04F79EFBC}") = "LoggingLecture", "LoggingLecture\LoggingLecture.csproj", "{C5087A66-D42B-4674-9587-079E00E5821D}"
EndProject
Global
	GlobalSection(SolutionConfigurationPlatforms) = preSolution
		Debug|Any CPU = Debug|Any CPU
		Release|Any CPU = Release|Any CPU
	EndGlobalSection
	GlobalSection(ProjectConfigurationPlatforms) = postSolution
		{C5087A66-D42B-4674-9587-079E00E5821D}.Debug|Any CPU.ActiveCfg = Debug|Any CPU
		{C5087A66-D42B-4674-9587-079E00E5821D}.Debug|Any CPU.Build.0 = Debug|Any CPU
		{C5087A66-D42B-4674-9587-079E00E5821D}.Release|Any CPU.ActiveCfg = Release|Any CPU
		{C5087A66-D42B-4674-9587-079E00E5821D}.Release|Any CPU.Build.0 = Release|Any CPU
	EndGlobalSection
	GlobalSection(SolutionProperties) = preSolution
		HideSolutionNode = FALSE
	EndGlobalSection
	GlobalSection(ExtensibilityGlobals) = postSolution
		SolutionGuid = {187F8803-E10E-4CDF-A442-3BB4A4D6F52E}
	EndGlobalSection
EndGlobal
