
Microsoft Visual Studio Solution File, Format Version 12.00
# Visual Studio Version 16
VisualStudioVersion = 16.0.31911.196
MinimumVisualStudioVersion = 10.0.40219.1
Project("{FAE04EC0-301F-11D3-BF4B-00C04F79EFBC}") = "testAuth", "testAuth\testAuth.csproj", "{5EE34ED7-7E5C-4918-82E6-A8E5C2B8F398}"
EndProject
Global
	GlobalSection(SolutionConfigurationPlatforms) = preSolution
		Debug|Any CPU = Debug|Any CPU
		Release|Any CPU = Release|Any CPU
	EndGlobalSection
	GlobalSection(ProjectConfigurationPlatforms) = postSolution
		{5EE34ED7-7E5C-4918-82E6-A8E5C2B8F398}.Debug|Any CPU.ActiveCfg = Debug|Any CPU
		{5EE34ED7-7E5C-4918-82E6-A8E5C2B8F398}.Debug|Any CPU.Build.0 = Debug|Any CPU
		{5EE34ED7-7E5C-4918-82E6-A8E5C2B8F398}.Release|Any CPU.ActiveCfg = Release|Any CPU
		{5EE34ED7-7E5C-4918-82E6-A8E5C2B8F398}.Release|Any CPU.Build.0 = Release|Any CPU
	EndGlobalSection
	GlobalSection(SolutionProperties) = preSolution
		HideSolutionNode = FALSE
	EndGlobalSection
	GlobalSection(ExtensibilityGlobals) = postSolution
		SolutionGuid = {FCD9BBF5-DC94-476B-A188-910D0991A51C}
	EndGlobalSection
EndGlobal
