
Microsoft Visual Studio Solution File, Format Version 12.00
# Visual Studio Version 16
VisualStudioVersion = 16.0.32002.261
MinimumVisualStudioVersion = 10.0.40219.1
Project("{FAE04EC0-301F-11D3-BF4B-00C04F79EFBC}") = "HenryPractice", "HenryPractice\HenryPractice.csproj", "{57B1091B-660C-4A4E-8F5A-71D0B16A78B6}"
EndProject
Global
	GlobalSection(SolutionConfigurationPlatforms) = preSolution
		Debug|Any CPU = Debug|Any CPU
		Release|Any CPU = Release|Any CPU
	EndGlobalSection
	GlobalSection(ProjectConfigurationPlatforms) = postSolution
		{57B1091B-660C-4A4E-8F5A-71D0B16A78B6}.Debug|Any CPU.ActiveCfg = Debug|Any CPU
		{57B1091B-660C-4A4E-8F5A-71D0B16A78B6}.Debug|Any CPU.Build.0 = Debug|Any CPU
		{57B1091B-660C-4A4E-8F5A-71D0B16A78B6}.Release|Any CPU.ActiveCfg = Release|Any CPU
		{57B1091B-660C-4A4E-8F5A-71D0B16A78B6}.Release|Any CPU.Build.0 = Release|Any CPU
	EndGlobalSection
	GlobalSection(SolutionProperties) = preSolution
		HideSolutionNode = FALSE
	EndGlobalSection
	GlobalSection(ExtensibilityGlobals) = postSolution
		SolutionGuid = {BF0C6920-13FB-41CB-8F17-8AF5664ACB74}
	EndGlobalSection
EndGlobal
