
Microsoft Visual Studio Solution File, Format Version 12.00
# Visual Studio Version 16
VisualStudioVersion = 16.0.31911.196
MinimumVisualStudioVersion = 10.0.40219.1
Project("{FAE04EC0-301F-11D3-BF4B-00C04F79EFBC}") = "testAuth2", "testAuth2\testAuth2.csproj", "{01523E67-A0F3-4AB3-80E5-0D6971087580}"
EndProject
Global
	GlobalSection(SolutionConfigurationPlatforms) = preSolution
		Debug|Any CPU = Debug|Any CPU
		Release|Any CPU = Release|Any CPU
	EndGlobalSection
	GlobalSection(ProjectConfigurationPlatforms) = postSolution
		{01523E67-A0F3-4AB3-80E5-0D6971087580}.Debug|Any CPU.ActiveCfg = Debug|Any CPU
		{01523E67-A0F3-4AB3-80E5-0D6971087580}.Debug|Any CPU.Build.0 = Debug|Any CPU
		{01523E67-A0F3-4AB3-80E5-0D6971087580}.Release|Any CPU.ActiveCfg = Release|Any CPU
		{01523E67-A0F3-4AB3-80E5-0D6971087580}.Release|Any CPU.Build.0 = Release|Any CPU
	EndGlobalSection
	GlobalSection(SolutionProperties) = preSolution
		HideSolutionNode = FALSE
	EndGlobalSection
	GlobalSection(ExtensibilityGlobals) = postSolution
		SolutionGuid = {6E090F9A-EE7C-48E8-946B-AB77A5CFC382}
	EndGlobalSection
EndGlobal
